
Microsoft Visual Studio Solution File, Format Version 12.00
# Visual Studio 15
Project("{FAE04EC0-301F-11D3-BF4B-00C04F79EFBC}") = "fps.UI", "fps.UI.csproj", "{3E31CDAD-9F36-74EB-59C6-36800A19A7D3}"
EndProject
Project("{FAE04EC0-301F-11D3-BF4B-00C04F79EFBC}") = "fps.Game", "fps.Game.csproj", "{62F0A292-BBC3-9BB9-7D77-975F88D39932}"
EndProject
Project("{FAE04EC0-301F-11D3-BF4B-00C04F79EFBC}") = "fps.Gameplay", "fps.Gameplay.csproj", "{F7E1F382-8DFC-7D67-67B9-037642E95A2B}"
EndProject
Project("{FAE04EC0-301F-11D3-BF4B-00C04F79EFBC}") = "fps.AI", "fps.AI.csproj", "{93311BA8-A6A6-9E9E-B637-701D0FBDF899}"
EndProject
Project("{FAE04EC0-301F-11D3-BF4B-00C04F79EFBC}") = "NavMeshComponents", "NavMeshComponents.csproj", "{DD264DA6-2086-460E-8709-7C93E6DA8493}"
EndProject
Project("{FAE04EC0-301F-11D3-BF4B-00C04F79EFBC}") = "Unity.FPS.Tutorials", "Unity.FPS.Tutorials.csproj", "{E6E3174D-5BDE-896B-19EB-EA67EC877AA7}"
EndProject
Project("{FAE04EC0-301F-11D3-BF4B-00C04F79EFBC}") = "Unity.Microgame.Tutorials", "Unity.Microgame.Tutorials.csproj", "{22B32D94-E961-B45E-015B-850B9DFDB66A}"
EndProject
Project("{FAE04EC0-301F-11D3-BF4B-00C04F79EFBC}") = "fps.Editor", "fps.Editor.csproj", "{9D70B8E8-0428-0403-0B3F-E0C84780B70A}"
EndProject
Project("{FAE04EC0-301F-11D3-BF4B-00C04F79EFBC}") = "NavMeshComponentsEditor", "NavMeshComponentsEditor.csproj", "{FD1F0A71-26EE-140B-F4AF-28A9F2CE9D91}"
EndProject
Global
	GlobalSection(SolutionConfigurationPlatforms) = preSolution
		Debug|Any CPU = Debug|Any CPU
		Release|Any CPU = Release|Any CPU
	EndGlobalSection
	GlobalSection(ProjectConfigurationPlatforms) = postSolution
		{3E31CDAD-9F36-74EB-59C6-36800A19A7D3}.Debug|Any CPU.ActiveCfg = Debug|Any CPU
		{3E31CDAD-9F36-74EB-59C6-36800A19A7D3}.Debug|Any CPU.Build.0 = Debug|Any CPU
		{3E31CDAD-9F36-74EB-59C6-36800A19A7D3}.Release|Any CPU.ActiveCfg = Release|Any CPU
		{3E31CDAD-9F36-74EB-59C6-36800A19A7D3}.Release|Any CPU.Build.0 = Release|Any CPU
		{62F0A292-BBC3-9BB9-7D77-975F88D39932}.Debug|Any CPU.ActiveCfg = Debug|Any CPU
		{62F0A292-BBC3-9BB9-7D77-975F88D39932}.Debug|Any CPU.Build.0 = Debug|Any CPU
		{62F0A292-BBC3-9BB9-7D77-975F88D39932}.Release|Any CPU.ActiveCfg = Release|Any CPU
		{62F0A292-BBC3-9BB9-7D77-975F88D39932}.Release|Any CPU.Build.0 = Release|Any CPU
		{F7E1F382-8DFC-7D67-67B9-037642E95A2B}.Debug|Any CPU.ActiveCfg = Debug|Any CPU
		{F7E1F382-8DFC-7D67-67B9-037642E95A2B}.Debug|Any CPU.Build.0 = Debug|Any CPU
		{F7E1F382-8DFC-7D67-67B9-037642E95A2B}.Release|Any CPU.ActiveCfg = Release|Any CPU
		{F7E1F382-8DFC-7D67-67B9-037642E95A2B}.Release|Any CPU.Build.0 = Release|Any CPU
		{93311BA8-A6A6-9E9E-B637-701D0FBDF899}.Debug|Any CPU.ActiveCfg = Debug|Any CPU
		{93311BA8-A6A6-9E9E-B637-701D0FBDF899}.Debug|Any CPU.Build.0 = Debug|Any CPU
		{93311BA8-A6A6-9E9E-B637-701D0FBDF899}.Release|Any CPU.ActiveCfg = Release|Any CPU
		{93311BA8-A6A6-9E9E-B637-701D0FBDF899}.Release|Any CPU.Build.0 = Release|Any CPU
		{DD264DA6-2086-460E-8709-7C93E6DA8493}.Debug|Any CPU.ActiveCfg = Debug|Any CPU
		{DD264DA6-2086-460E-8709-7C93E6DA8493}.Debug|Any CPU.Build.0 = Debug|Any CPU
		{DD264DA6-2086-460E-8709-7C93E6DA8493}.Release|Any CPU.ActiveCfg = Release|Any CPU
		{DD264DA6-2086-460E-8709-7C93E6DA8493}.Release|Any CPU.Build.0 = Release|Any CPU
		{E6E3174D-5BDE-896B-19EB-EA67EC877AA7}.Debug|Any CPU.ActiveCfg = Debug|Any CPU
		{E6E3174D-5BDE-896B-19EB-EA67EC877AA7}.Debug|Any CPU.Build.0 = Debug|Any CPU
		{E6E3174D-5BDE-896B-19EB-EA67EC877AA7}.Release|Any CPU.ActiveCfg = Release|Any CPU
		{E6E3174D-5BDE-896B-19EB-EA67EC877AA7}.Release|Any CPU.Build.0 = Release|Any CPU
		{22B32D94-E961-B45E-015B-850B9DFDB66A}.Debug|Any CPU.ActiveCfg = Debug|Any CPU
		{22B32D94-E961-B45E-015B-850B9DFDB66A}.Debug|Any CPU.Build.0 = Debug|Any CPU
		{22B32D94-E961-B45E-015B-850B9DFDB66A}.Release|Any CPU.ActiveCfg = Release|Any CPU
		{22B32D94-E961-B45E-015B-850B9DFDB66A}.Release|Any CPU.Build.0 = Release|Any CPU
		{9D70B8E8-0428-0403-0B3F-E0C84780B70A}.Debug|Any CPU.ActiveCfg = Debug|Any CPU
		{9D70B8E8-0428-0403-0B3F-E0C84780B70A}.Debug|Any CPU.Build.0 = Debug|Any CPU
		{9D70B8E8-0428-0403-0B3F-E0C84780B70A}.Release|Any CPU.ActiveCfg = Release|Any CPU
		{9D70B8E8-0428-0403-0B3F-E0C84780B70A}.Release|Any CPU.Build.0 = Release|Any CPU
		{FD1F0A71-26EE-140B-F4AF-28A9F2CE9D91}.Debug|Any CPU.ActiveCfg = Debug|Any CPU
		{FD1F0A71-26EE-140B-F4AF-28A9F2CE9D91}.Debug|Any CPU.Build.0 = Debug|Any CPU
		{FD1F0A71-26EE-140B-F4AF-28A9F2CE9D91}.Release|Any CPU.ActiveCfg = Release|Any CPU
		{FD1F0A71-26EE-140B-F4AF-28A9F2CE9D91}.Release|Any CPU.Build.0 = Release|Any CPU
	EndGlobalSection
	GlobalSection(SolutionProperties) = preSolution
		HideSolutionNode = FALSE
	EndGlobalSection
EndGlobal
